
Microsoft Visual Studio Solution File, Format Version 12.00
# Visual Studio Version 17
VisualStudioVersion = 17.8.34330.188
MinimumVisualStudioVersion = 10.0.40219.1
Project("{FAE04EC0-301F-11D3-BF4B-00C04F79EFBC}") = "PracticalExercise13", "PracticalExercise13\PracticalExercise13.csproj", "{03ABD066-421A-4E8C-8077-B50550FCD30B}"
EndProject
Global
	GlobalSection(SolutionConfigurationPlatforms) = preSolution
		Debug|Any CPU = Debug|Any CPU
		Release|Any CPU = Release|Any CPU
	EndGlobalSection
	GlobalSection(ProjectConfigurationPlatforms) = postSolution
		{03ABD066-421A-4E8C-8077-B50550FCD30B}.Debug|Any CPU.ActiveCfg = Debug|Any CPU
		{03ABD066-421A-4E8C-8077-B50550FCD30B}.Debug|Any CPU.Build.0 = Debug|Any CPU
		{03ABD066-421A-4E8C-8077-B50550FCD30B}.Release|Any CPU.ActiveCfg = Release|Any CPU
		{03ABD066-421A-4E8C-8077-B50550FCD30B}.Release|Any CPU.Build.0 = Release|Any CPU
	EndGlobalSection
	GlobalSection(SolutionProperties) = preSolution
		HideSolutionNode = FALSE
	EndGlobalSection
	GlobalSection(ExtensibilityGlobals) = postSolution
		SolutionGuid = {12D96BC1-1105-4B1D-87A2-5171B447995C}
	EndGlobalSection
EndGlobal
