
Microsoft Visual Studio Solution File, Format Version 12.00
# Visual Studio Version 17
VisualStudioVersion = 17.8.34330.188
MinimumVisualStudioVersion = 10.0.40219.1
Project("{FAE04EC0-301F-11D3-BF4B-00C04F79EFBC}") = "Task1", "PracticalExercise6\Task1.csproj", "{197E8781-2408-41A5-B4C8-9EB700F4179E}"
EndProject
Project("{FAE04EC0-301F-11D3-BF4B-00C04F79EFBC}") = "Task2", "Task2\Task2.csproj", "{8E1CB95D-15D6-4C0C-A9BD-9D317D0B0D4F}"
EndProject
Project("{FAE04EC0-301F-11D3-BF4B-00C04F79EFBC}") = "Task3", "Task3\Task3.csproj", "{0A0EF416-DE28-48CB-A081-552A532E8E81}"
EndProject
Global
	GlobalSection(SolutionConfigurationPlatforms) = preSolution
		Debug|Any CPU = Debug|Any CPU
		Release|Any CPU = Release|Any CPU
	EndGlobalSection
	GlobalSection(ProjectConfigurationPlatforms) = postSolution
		{197E8781-2408-41A5-B4C8-9EB700F4179E}.Debug|Any CPU.ActiveCfg = Debug|Any CPU
		{197E8781-2408-41A5-B4C8-9EB700F4179E}.Debug|Any CPU.Build.0 = Debug|Any CPU
		{197E8781-2408-41A5-B4C8-9EB700F4179E}.Release|Any CPU.ActiveCfg = Release|Any CPU
		{197E8781-2408-41A5-B4C8-9EB700F4179E}.Release|Any CPU.Build.0 = Release|Any CPU
		{8E1CB95D-15D6-4C0C-A9BD-9D317D0B0D4F}.Debug|Any CPU.ActiveCfg = Debug|Any CPU
		{8E1CB95D-15D6-4C0C-A9BD-9D317D0B0D4F}.Debug|Any CPU.Build.0 = Debug|Any CPU
		{8E1CB95D-15D6-4C0C-A9BD-9D317D0B0D4F}.Release|Any CPU.ActiveCfg = Release|Any CPU
		{8E1CB95D-15D6-4C0C-A9BD-9D317D0B0D4F}.Release|Any CPU.Build.0 = Release|Any CPU
		{0A0EF416-DE28-48CB-A081-552A532E8E81}.Debug|Any CPU.ActiveCfg = Debug|Any CPU
		{0A0EF416-DE28-48CB-A081-552A532E8E81}.Debug|Any CPU.Build.0 = Debug|Any CPU
		{0A0EF416-DE28-48CB-A081-552A532E8E81}.Release|Any CPU.ActiveCfg = Release|Any CPU
		{0A0EF416-DE28-48CB-A081-552A532E8E81}.Release|Any CPU.Build.0 = Release|Any CPU
	EndGlobalSection
	GlobalSection(SolutionProperties) = preSolution
		HideSolutionNode = FALSE
	EndGlobalSection
	GlobalSection(ExtensibilityGlobals) = postSolution
		SolutionGuid = {AA8BB047-EE59-4308-8B5C-3564BEAAEF50}
	EndGlobalSection
EndGlobal
